
Microsoft Visual Studio Solution File, Format Version 12.00
# Visual Studio Version 17
VisualStudioVersion = 17.14.36623.8
MinimumVisualStudioVersion = 10.0.40219.1
Project("{FAE04EC0-301F-11D3-BF4B-00C04F79EFBC}") = "Zadacha", "Zadacha\Zadacha.csproj", "{CC78B0F0-760A-49F2-8B83-5BB0BE7F9894}"
EndProject
Project("{FAE04EC0-301F-11D3-BF4B-00C04F79EFBC}") = "1", "1\1.csproj", "{2830B9DA-2EAF-43A1-8F3A-90EE4F93F14F}"
EndProject
Project("{FAE04EC0-301F-11D3-BF4B-00C04F79EFBC}") = "2", "2\2.csproj", "{9007F34B-06E8-4003-9BA9-D8118DC16720}"
EndProject
Project("{FAE04EC0-301F-11D3-BF4B-00C04F79EFBC}") = "3", "3\3.csproj", "{F28E090E-1091-4EC7-B00F-37839D90AEB7}"
EndProject
Project("{FAE04EC0-301F-11D3-BF4B-00C04F79EFBC}") = "4", "4\4.csproj", "{3A747202-00B5-4DCA-9A7B-EA3636426A67}"
EndProject
Global
	GlobalSection(SolutionConfigurationPlatforms) = preSolution
		Debug|Any CPU = Debug|Any CPU
		Release|Any CPU = Release|Any CPU
	EndGlobalSection
	GlobalSection(ProjectConfigurationPlatforms) = postSolution
		{CC78B0F0-760A-49F2-8B83-5BB0BE7F9894}.Debug|Any CPU.ActiveCfg = Debug|Any CPU
		{CC78B0F0-760A-49F2-8B83-5BB0BE7F9894}.Debug|Any CPU.Build.0 = Debug|Any CPU
		{CC78B0F0-760A-49F2-8B83-5BB0BE7F9894}.Release|Any CPU.ActiveCfg = Release|Any CPU
		{CC78B0F0-760A-49F2-8B83-5BB0BE7F9894}.Release|Any CPU.Build.0 = Release|Any CPU
		{2830B9DA-2EAF-43A1-8F3A-90EE4F93F14F}.Debug|Any CPU.ActiveCfg = Debug|Any CPU
		{2830B9DA-2EAF-43A1-8F3A-90EE4F93F14F}.Debug|Any CPU.Build.0 = Debug|Any CPU
		{2830B9DA-2EAF-43A1-8F3A-90EE4F93F14F}.Release|Any CPU.ActiveCfg = Release|Any CPU
		{2830B9DA-2EAF-43A1-8F3A-90EE4F93F14F}.Release|Any CPU.Build.0 = Release|Any CPU
		{9007F34B-06E8-4003-9BA9-D8118DC16720}.Debug|Any CPU.ActiveCfg = Debug|Any CPU
		{9007F34B-06E8-4003-9BA9-D8118DC16720}.Debug|Any CPU.Build.0 = Debug|Any CPU
		{9007F34B-06E8-4003-9BA9-D8118DC16720}.Release|Any CPU.ActiveCfg = Release|Any CPU
		{9007F34B-06E8-4003-9BA9-D8118DC16720}.Release|Any CPU.Build.0 = Release|Any CPU
		{F28E090E-1091-4EC7-B00F-37839D90AEB7}.Debug|Any CPU.ActiveCfg = Debug|Any CPU
		{F28E090E-1091-4EC7-B00F-37839D90AEB7}.Debug|Any CPU.Build.0 = Debug|Any CPU
		{F28E090E-1091-4EC7-B00F-37839D90AEB7}.Release|Any CPU.ActiveCfg = Release|Any CPU
		{F28E090E-1091-4EC7-B00F-37839D90AEB7}.Release|Any CPU.Build.0 = Release|Any CPU
		{3A747202-00B5-4DCA-9A7B-EA3636426A67}.Debug|Any CPU.ActiveCfg = Debug|Any CPU
		{3A747202-00B5-4DCA-9A7B-EA3636426A67}.Debug|Any CPU.Build.0 = Debug|Any CPU
		{3A747202-00B5-4DCA-9A7B-EA3636426A67}.Release|Any CPU.ActiveCfg = Release|Any CPU
		{3A747202-00B5-4DCA-9A7B-EA3636426A67}.Release|Any CPU.Build.0 = Release|Any CPU
	EndGlobalSection
	GlobalSection(SolutionProperties) = preSolution
		HideSolutionNode = FALSE
	EndGlobalSection
	GlobalSection(ExtensibilityGlobals) = postSolution
		SolutionGuid = {FEEB8701-5687-4FCA-AF2F-B0E029592C12}
	EndGlobalSection
EndGlobal
